<?xml version="1.0" encoding="utf-8"?>
<Project ToolsVersion="4.0" xmlns="http://schemas.microsoft.com/developer/msbuild/2003">
  <ItemGroup>
    <Filter Include="Source Files">
      <UniqueIdentifier>{4FC737F1-C7A5-4376-A066-2A32D752A2FF}</UniqueIdentifier>
      <Extensions>cpp;c;cc;cxx;c++;cppm;ixx;def;odl;idl;hpj;bat;asm;asmx</Extensions>
    </Filter>
    <Filter Include="Header Files">
      <UniqueIdentifier>{93995380-89BD-4b04-88EB-625FBE52EBFB}</UniqueIdentifier>
      <Extensions>h;hh;hpp;hxx;h++;hm;inl;inc;ipp;xsd</Extensions>
    </Filter>
    <Filter Include="Resource Files">
      <UniqueIdentifier>{67DA6AB6-F800-4c08-8B7A-83BB121AAD01}</UniqueIdentifier>
      <Extensions>rc;ico;cur;bmp;dlg;rc2;rct;bin;rgs;gif;jpg;jpeg;jpe;resx;tiff;tif;png;wav;mfcribbon-ms</Extensions>
    </Filter>
  </ItemGroup>
  <ItemGroup>
    <ClInclude Include="vendor\vulkan\vk_platform.h">
      <Filter>Header Files</Filter>
    </ClInclude>
    <ClInclude Include="vendor\vulkan\vulkan.h">
      <Filter>Header Files</Filter>
    </ClInclude>
    <ClInclude Include="src\platform\platform.h">
      <Filter>Header Files</Filter>
    </ClInclude>
    <ClInclude Include="src\defines.h">
      <Filter>Header Files</Filter>
    </ClInclude>
    <ClInclude Include="src\core\renderer\vulkan_renderer\vulkan_renderer.h">
      <Filter>Header Files</Filter>
    </ClInclude>
    <ClInclude Include="src\core\renderer\renderer.h">
      <Filter>Header Files</Filter>
    </ClInclude>
    <ClInclude Include="src\core\renderer\vulkan_renderer\vulkan_functions.h">
      <Filter>Header Files</Filter>
    </ClInclude>
    <ClInclude Include="src\core\application.h">
      <Filter>Header Files</Filter>
    </ClInclude>
    <ClInclude Include="src\core\renderer\vulkan_renderer\vulkan_device.h">
      <Filter>Header Files</Filter>
    </ClInclude>
    <ClInclude Include="src\core\renderer\vulkan_renderer\vulkan_swapchain.h">
      <Filter>Header Files</Filter>
    </ClInclude>
    <ClInclude Include="src\core\renderer\vulkan_renderer\vulkan_command_buffer.h">
      <Filter>Header Files</Filter>
    </ClInclude>
    <ClInclude Include="src\core\renderer\vulkan_renderer\vulkan_renderpass.h">
      <Filter>Header Files</Filter>
    </ClInclude>
    <ClInclude Include="src\core\renderer\vulkan_renderer\vulkan_framebuffer.h">
      <Filter>Header Files</Filter>
    </ClInclude>
    <ClInclude Include="src\core\renderer\vulkan_renderer\vulkan_mesh.h">
      <Filter>Header Files</Filter>
    </ClInclude>
    <ClInclude Include="src\core\file_handle.h">
      <Filter>Header Files</Filter>
    </ClInclude>
    <ClInclude Include="src\core\renderer\vulkan_renderer\vulkan_pipeline.h">
      <Filter>Header Files</Filter>
    </ClInclude>
    <ClInclude Include="src\core\renderer\vulkan_renderer\vulkan_memory_allocate.h">
      <Filter>Header Files</Filter>
    </ClInclude>
    <ClInclude Include="vendor\tiny_obj_loader.h">
      <Filter>Header Files</Filter>
    </ClInclude>
    <ClInclude Include="src\core\renderer\renderer_frontend.h">
      <Filter>Header Files</Filter>
    </ClInclude>
    <ClInclude Include="src\core\renderer\vulkan_renderer\vulkan_image.h">
      <Filter>Header Files</Filter>
    </ClInclude>
    <ClInclude Include="src\core\renderer\vulkan_renderer\vulkan_buffer.h">
      <Filter>Header Files</Filter>
    </ClInclude>
    <ClInclude Include="src\core\renderer\vulkan_renderer\vulkan_shader.h">
      <Filter>Header Files</Filter>
    </ClInclude>
    <ClInclude Include="src\core\renderer\spirv_helper.h">
      <Filter>Header Files</Filter>
    </ClInclude>
    <ClInclude Include="src\core\renderer\SPIRV-Reflect\spirv_reflect.h">
      <Filter>Header Files</Filter>
    </ClInclude>
    <ClInclude Include="src\core\renderer\SPIRV-Reflect\include\spirv\unified1\spirv.h">
      <Filter>Header Files</Filter>
    </ClInclude>
    <ClInclude Include="src\core\material.h">
      <Filter>Header Files</Filter>
    </ClInclude>
    <ClInclude Include="src\core\renderer\vulkan_renderer\vulkan_scene\vulkan_scene.h">
      <Filter>Header Files</Filter>
    </ClInclude>
    <ClInclude Include="src\core\renderer\vulkan_renderer\vulkan_descriptor_builder.h">
      <Filter>Header Files</Filter>
    </ClInclude>
    <ClInclude Include="src\core\renderer\vulkan_renderer\vulkan_scene\default_scene.h">
      <Filter>Header Files</Filter>
    </ClInclude>
    <ClInclude Include="src\core\input.h">
      <Filter>Header Files</Filter>
    </ClInclude>
    <ClInclude Include="src\core\event.h">
      <Filter>Header Files</Filter>
    </ClInclude>
    <ClInclude Include="vendor\stb_image.h">
      <Filter>Header Files</Filter>
    </ClInclude>
    <ClInclude Include="src\core\renderer\camera.h">
      <Filter>Header Files</Filter>
    </ClInclude>
    <ClInclude Include="vendor\imgui\imconfig.h">
      <Filter>Header Files</Filter>
    </ClInclude>
    <ClInclude Include="vendor\imgui\imgui.h">
      <Filter>Header Files</Filter>
    </ClInclude>
    <ClInclude Include="vendor\imgui\imgui_internal.h">
      <Filter>Header Files</Filter>
    </ClInclude>
    <ClInclude Include="vendor\imgui\imstb_rectpack.h">
      <Filter>Header Files</Filter>
    </ClInclude>
    <ClInclude Include="vendor\imgui\imstb_textedit.h">
      <Filter>Header Files</Filter>
    </ClInclude>
    <ClInclude Include="vendor\imgui\imstb_truetype.h">
      <Filter>Header Files</Filter>
    </ClInclude>
    <ClInclude Include="vendor\imgui\backends\imgui_impl_vulkan.h">
      <Filter>Header Files</Filter>
    </ClInclude>
    <ClInclude Include="vendor\imgui\backends\imgui_impl_win32.h">
      <Filter>Header Files</Filter>
    </ClInclude>
    <ClInclude Include="src\core\renderer\vulkan_renderer\vulkan_skinned_mesh.h">
      <Filter>Header Files</Filter>
    </ClInclude>
    <ClInclude Include="src\core\renderer\vulkan_renderer\vulkan_texture_manager.h">
      <Filter>Header Files</Filter>
    </ClInclude>
  </ItemGroup>
  <ItemGroup>
    <ClCompile Include="src\main.cpp">
      <Filter>Source Files</Filter>
    </ClCompile>
    <ClCompile Include="src\platform\platform_win32.cpp">
      <Filter>Source Files</Filter>
    </ClCompile>
    <ClCompile Include="src\core\renderer\vulkan_renderer\vulkan_renderer.cpp">
      <Filter>Source Files</Filter>
    </ClCompile>
    <ClCompile Include="src\core\renderer\vulkan_renderer\vulkan_functions.cpp">
      <Filter>Source Files</Filter>
    </ClCompile>
    <ClCompile Include="src\core\application.cpp">
      <Filter>Source Files</Filter>
    </ClCompile>
    <ClCompile Include="src\core\renderer\vulkan_renderer\vulkan_device.cpp">
      <Filter>Source Files</Filter>
    </ClCompile>
    <ClCompile Include="src\core\renderer\vulkan_renderer\vulkan_swapchain.cpp">
      <Filter>Source Files</Filter>
    </ClCompile>
    <ClCompile Include="src\core\renderer\vulkan_renderer\vulkan_command_buffer.cpp">
      <Filter>Source Files</Filter>
    </ClCompile>
    <ClCompile Include="src\core\renderer\vulkan_renderer\vulkan_renderpass.cpp">
      <Filter>Source Files</Filter>
    </ClCompile>
    <ClCompile Include="src\core\renderer\vulkan_renderer\vulkan_framebuffer.cpp">
      <Filter>Source Files</Filter>
    </ClCompile>
    <ClCompile Include="src\core\renderer\vulkan_renderer\vulkan_mesh.cpp">
      <Filter>Source Files</Filter>
    </ClCompile>
    <ClCompile Include="src\core\file_handle.cpp">
      <Filter>Source Files</Filter>
    </ClCompile>
    <ClCompile Include="src\core\renderer\vulkan_renderer\vulkan_pipeline.cpp">
      <Filter>Source Files</Filter>
    </ClCompile>
    <ClCompile Include="src\core\renderer\vulkan_renderer\vulkan_memory_allocate.cpp">
      <Filter>Source Files</Filter>
    </ClCompile>
    <ClCompile Include="src\core\renderer\renderer_frontend.cpp">
      <Filter>Source Files</Filter>
    </ClCompile>
    <ClCompile Include="src\core\renderer\vulkan_renderer\vulkan_image.cpp">
      <Filter>Source Files</Filter>
    </ClCompile>
    <ClCompile Include="src\core\renderer\vulkan_renderer\vulkan_buffer.cpp">
      <Filter>Source Files</Filter>
    </ClCompile>
    <ClCompile Include="src\core\renderer\vulkan_renderer\vulkan_shader.cpp">
      <Filter>Source Files</Filter>
    </ClCompile>
    <ClCompile Include="src\core\renderer\SPIRV-Reflect\spirv_reflect.c">
      <Filter>Source Files</Filter>
    </ClCompile>
    <ClCompile Include="src\core\material.cpp">
      <Filter>Source Files</Filter>
    </ClCompile>
    <ClCompile Include="src\core\renderer\vulkan_renderer\vulkan_scene\vulkan_scene.cpp">
      <Filter>Source Files</Filter>
    </ClCompile>
    <ClCompile Include="src\core\renderer\vulkan_renderer\vulkan_descriptor_allocator.cpp">
      <Filter>Source Files</Filter>
    </ClCompile>
    <ClCompile Include="src\core\renderer\vulkan_renderer\vulkan_descriptor_builder.cpp">
      <Filter>Source Files</Filter>
    </ClCompile>
    <ClCompile Include="src\core\renderer\vulkan_renderer\vulkan_scene\default_scene.cpp">
    </ClCompile>
    <ClCompile Include="src\core\input.cpp">
      <Filter>Source Files</Filter>
    </ClCompile>
    <ClCompile Include="src\core\event.cpp">
      <Filter>Source Files</Filter>
    </ClCompile>
    <ClCompile Include="src\core\renderer\camera.cpp">
      <Filter>Source Files</Filter>
    </ClCompile>
    <ClCompile Include="vendor\imgui\imgui.cpp">
      <Filter>Source Files</Filter>
    </ClCompile>
    <ClCompile Include="vendor\imgui\imgui_demo.cpp">
      <Filter>Source Files</Filter>
    </ClCompile>
    <ClCompile Include="vendor\imgui\imgui_draw.cpp">
      <Filter>Source Files</Filter>
    </ClCompile>
    <ClCompile Include="vendor\imgui\imgui_tables.cpp">
      <Filter>Source Files</Filter>
    </ClCompile>
    <ClCompile Include="vendor\imgui\imgui_widgets.cpp">
      <Filter>Source Files</Filter>
    </ClCompile>
    <ClCompile Include="vendor\imgui\backends\imgui_impl_vulkan.cpp">
      <Filter>Source Files</Filter>
    </ClCompile>
    <ClCompile Include="vendor\imgui\backends\imgui_impl_win32.cpp">
      <Filter>Source Files</Filter>
    </ClCompile>
    <ClCompile Include="src\core\renderer\vulkan_renderer\vulkan_skinned_mesh.cpp">
      <Filter>Source Files</Filter>
    </ClCompile>
    <ClCompile Include="src\core\renderer\vulkan_renderer\vulkan_texture_manager.cpp">
      <Filter>Source Files</Filter>
    </ClCompile>
  </ItemGroup>
  <ItemGroup>
    <None Include="src\core\renderer\vulkan_renderer\vulkan_types.inl">
      <Filter>Header Files</Filter>
    </None>
    <None Include="src\core\renderer\vulkan_renderer\list_of_functions.inl">
      <Filter>Header Files</Filter>
    </None>
    <None Include="shader\test.vert" />
    <None Include="shader\test.frag" />
    <None Include="shader\debug.vert" />
    <None Include="shader\debug.frag" />
  </ItemGroup>
</Project>